
Microsoft Visual Studio Solution File, Format Version 12.00
# Visual Studio 15
VisualStudioVersion = 15.0.27130.2027
MinimumVisualStudioVersion = 10.0.40219.1
Project("{9A19103F-16F7-4668-BE54-9A1E7A4F7556}") = "Application.Api", "Application.Api\Application.Api.csproj", "{D040D284-FEC9-4804-A827-64D39C5C29F6}"
EndProject
Project("{E53339B2-1760-4266-BCC7-CA923CBCF16C}") = "docker-compose", "docker-compose.dcproj", "{2FF2E963-82DF-4237-AA86-C212B06A6FAE}"
EndProject
Global
	GlobalSection(SolutionConfigurationPlatforms) = preSolution
		Debug|Any CPU = Debug|Any CPU
		Release|Any CPU = Release|Any CPU
	EndGlobalSection
	GlobalSection(ProjectConfigurationPlatforms) = postSolution
		{D040D284-FEC9-4804-A827-64D39C5C29F6}.Debug|Any CPU.ActiveCfg = Debug|Any CPU
		{D040D284-FEC9-4804-A827-64D39C5C29F6}.Debug|Any CPU.Build.0 = Debug|Any CPU
		{D040D284-FEC9-4804-A827-64D39C5C29F6}.Release|Any CPU.ActiveCfg = Release|Any CPU
		{D040D284-FEC9-4804-A827-64D39C5C29F6}.Release|Any CPU.Build.0 = Release|Any CPU
		{2FF2E963-82DF-4237-AA86-C212B06A6FAE}.Debug|Any CPU.ActiveCfg = Debug|Any CPU
		{2FF2E963-82DF-4237-AA86-C212B06A6FAE}.Debug|Any CPU.Build.0 = Debug|Any CPU
		{2FF2E963-82DF-4237-AA86-C212B06A6FAE}.Release|Any CPU.ActiveCfg = Release|Any CPU
		{2FF2E963-82DF-4237-AA86-C212B06A6FAE}.Release|Any CPU.Build.0 = Release|Any CPU
	EndGlobalSection
	GlobalSection(SolutionProperties) = preSolution
		HideSolutionNode = FALSE
	EndGlobalSection
	GlobalSection(ExtensibilityGlobals) = postSolution
		SolutionGuid = {7EF21A6C-BA4C-4C42-9A03-0D4C39D2F30B}
	EndGlobalSection
EndGlobal
